
Microsoft Visual Studio Solution File, Format Version 12.00
# Visual Studio Version 16
VisualStudioVersion = 16.0.31613.86
MinimumVisualStudioVersion = 10.0.40219.1
Project("{FAE04EC0-301F-11D3-BF4B-00C04F79EFBC}") = "NewsFeedAPI", "NewsFeedAPI.csproj", "{0CC35811-CBCD-4B29-AEB7-718C724DE086}"
EndProject
Global
	GlobalSection(SolutionConfigurationPlatforms) = preSolution
		Debug|Any CPU = Debug|Any CPU
		Release|Any CPU = Release|Any CPU
	EndGlobalSection
	GlobalSection(ProjectConfigurationPlatforms) = postSolution
		{0CC35811-CBCD-4B29-AEB7-718C724DE086}.Debug|Any CPU.ActiveCfg = Debug|Any CPU
		{0CC35811-CBCD-4B29-AEB7-718C724DE086}.Debug|Any CPU.Build.0 = Debug|Any CPU
		{0CC35811-CBCD-4B29-AEB7-718C724DE086}.Release|Any CPU.ActiveCfg = Release|Any CPU
		{0CC35811-CBCD-4B29-AEB7-718C724DE086}.Release|Any CPU.Build.0 = Release|Any CPU
	EndGlobalSection
	GlobalSection(SolutionProperties) = preSolution
		HideSolutionNode = FALSE
	EndGlobalSection
	GlobalSection(ExtensibilityGlobals) = postSolution
		SolutionGuid = {91BA3CD9-F73E-4944-BD98-0CDAAEF2A67C}
	EndGlobalSection
EndGlobal
